// !$*UTF8*$!
{
	archiveVersion = 1;
	classes = {
	};
	objectVersion = 55;
	objects = {

/* Begin PBXBuildFile section */
		2E752D461A7E35A518B2AC8D /* Pods_BookFinderTests.framework in Frameworks */ = {isa = PBXBuildFile; fileRef = D2447B58FBD78270F485DB45 /* Pods_BookFinderTests.framework */; };
		36A58DE82867578C00ADD660 /* AppDelegate.swift in Sources */ = {isa = PBXBuildFile; fileRef = 36A58DE72867578C00ADD660 /* AppDelegate.swift */; };
		36A58DF12867578D00ADD660 /* Assets.xcassets in Resources */ = {isa = PBXBuildFile; fileRef = 36A58DF02867578D00ADD660 /* Assets.xcassets */; };
		36A58DF42867578D00ADD660 /* LaunchScreen.storyboard in Resources */ = {isa = PBXBuildFile; fileRef = 36A58DF22867578D00ADD660 /* LaunchScreen.storyboard */; };
		36A58DFF2867578D00ADD660 /* BookFinderTests.swift in Sources */ = {isa = PBXBuildFile; fileRef = 36A58DFE2867578D00ADD660 /* BookFinderTests.swift */; };
		36EBAD3128675B5E009AB643 /* SearchPresenter.swift in Sources */ = {isa = PBXBuildFile; fileRef = 36EBAD2B28675B5E009AB643 /* SearchPresenter.swift */; };
		36EBAD3228675B5E009AB643 /* SearchWorker.swift in Sources */ = {isa = PBXBuildFile; fileRef = 36EBAD2C28675B5E009AB643 /* SearchWorker.swift */; };
		36EBAD3328675B5E009AB643 /* SearchRouter.swift in Sources */ = {isa = PBXBuildFile; fileRef = 36EBAD2D28675B5E009AB643 /* SearchRouter.swift */; };
		36EBAD3428675B5E009AB643 /* SearchModels.swift in Sources */ = {isa = PBXBuildFile; fileRef = 36EBAD2E28675B5E009AB643 /* SearchModels.swift */; };
		36EBAD3528675B5E009AB643 /* SearchViewController.swift in Sources */ = {isa = PBXBuildFile; fileRef = 36EBAD2F28675B5E009AB643 /* SearchViewController.swift */; };
		36EBAD3628675B5E009AB643 /* SearchInteractor.swift in Sources */ = {isa = PBXBuildFile; fileRef = 36EBAD3028675B5E009AB643 /* SearchInteractor.swift */; };
		36EBAD3D28676054009AB643 /* SearchViewControllerTests.swift in Sources */ = {isa = PBXBuildFile; fileRef = 36EBAD3928676054009AB643 /* SearchViewControllerTests.swift */; };
		36EBAD3E28676054009AB643 /* SearchInteractorTests.swift in Sources */ = {isa = PBXBuildFile; fileRef = 36EBAD3A28676054009AB643 /* SearchInteractorTests.swift */; };
		36EBAD3F28676054009AB643 /* SearchWorkerTests.swift in Sources */ = {isa = PBXBuildFile; fileRef = 36EBAD3B28676054009AB643 /* SearchWorkerTests.swift */; };
		36EBAD4028676054009AB643 /* SearchPresenterTests.swift in Sources */ = {isa = PBXBuildFile; fileRef = 36EBAD3C28676054009AB643 /* SearchPresenterTests.swift */; };
		36EBAD442867635C009AB643 /* Volume.swift in Sources */ = {isa = PBXBuildFile; fileRef = 36EBAD432867635C009AB643 /* Volume.swift */; };
		36EBAD4628676364009AB643 /* VolumeInfo.swift in Sources */ = {isa = PBXBuildFile; fileRef = 36EBAD4528676364009AB643 /* VolumeInfo.swift */; };
		36EBAD482867636F009AB643 /* ImageLinks.swift in Sources */ = {isa = PBXBuildFile; fileRef = 36EBAD472867636F009AB643 /* ImageLinks.swift */; };
		C86C1786BF5B7525012BBADD /* Pods_BookFinder.framework in Frameworks */ = {isa = PBXBuildFile; fileRef = DEA9BC2C055A8AAF1564DAA3 /* Pods_BookFinder.framework */; };
/* End PBXBuildFile section */

/* Begin PBXContainerItemProxy section */
		36A58DFB2867578D00ADD660 /* PBXContainerItemProxy */ = {
			isa = PBXContainerItemProxy;
			containerPortal = 36A58DDC2867578C00ADD660 /* Project object */;
			proxyType = 1;
			remoteGlobalIDString = 36A58DE32867578C00ADD660;
			remoteInfo = BookFinder;
		};
/* End PBXContainerItemProxy section */

/* Begin PBXFileReference section */
		218933852E9E45213B1C9894 /* Pods-BookFinder-BookFinderUITests.debug.xcconfig */ = {isa = PBXFileReference; includeInIndex = 1; lastKnownFileType = text.xcconfig; name = "Pods-BookFinder-BookFinderUITests.debug.xcconfig"; path = "Target Support Files/Pods-BookFinder-BookFinderUITests/Pods-BookFinder-BookFinderUITests.debug.xcconfig"; sourceTree = "<group>"; };
		36A58DE42867578C00ADD660 /* BookFinder.app */ = {isa = PBXFileReference; explicitFileType = wrapper.application; includeInIndex = 0; path = BookFinder.app; sourceTree = BUILT_PRODUCTS_DIR; };
		36A58DE72867578C00ADD660 /* AppDelegate.swift */ = {isa = PBXFileReference; lastKnownFileType = sourcecode.swift; path = AppDelegate.swift; sourceTree = "<group>"; };
		36A58DF02867578D00ADD660 /* Assets.xcassets */ = {isa = PBXFileReference; lastKnownFileType = folder.assetcatalog; path = Assets.xcassets; sourceTree = "<group>"; };
		36A58DF32867578D00ADD660 /* Base */ = {isa = PBXFileReference; lastKnownFileType = file.storyboard; name = Base; path = Base.lproj/LaunchScreen.storyboard; sourceTree = "<group>"; };
		36A58DF52867578D00ADD660 /* Info.plist */ = {isa = PBXFileReference; lastKnownFileType = text.plist.xml; path = Info.plist; sourceTree = "<group>"; };
		36A58DFA2867578D00ADD660 /* BookFinderTests.xctest */ = {isa = PBXFileReference; explicitFileType = wrapper.cfbundle; includeInIndex = 0; path = BookFinderTests.xctest; sourceTree = BUILT_PRODUCTS_DIR; };
		36A58DFE2867578D00ADD660 /* BookFinderTests.swift */ = {isa = PBXFileReference; lastKnownFileType = sourcecode.swift; path = BookFinderTests.swift; sourceTree = "<group>"; };
		36EBAD2B28675B5E009AB643 /* SearchPresenter.swift */ = {isa = PBXFileReference; lastKnownFileType = sourcecode.swift; path = SearchPresenter.swift; sourceTree = "<group>"; };
		36EBAD2C28675B5E009AB643 /* SearchWorker.swift */ = {isa = PBXFileReference; lastKnownFileType = sourcecode.swift; path = SearchWorker.swift; sourceTree = "<group>"; };
		36EBAD2D28675B5E009AB643 /* SearchRouter.swift */ = {isa = PBXFileReference; lastKnownFileType = sourcecode.swift; path = SearchRouter.swift; sourceTree = "<group>"; };
		36EBAD2E28675B5E009AB643 /* SearchModels.swift */ = {isa = PBXFileReference; lastKnownFileType = sourcecode.swift; path = SearchModels.swift; sourceTree = "<group>"; };
		36EBAD2F28675B5E009AB643 /* SearchViewController.swift */ = {isa = PBXFileReference; lastKnownFileType = sourcecode.swift; path = SearchViewController.swift; sourceTree = "<group>"; };
		36EBAD3028675B5E009AB643 /* SearchInteractor.swift */ = {isa = PBXFileReference; lastKnownFileType = sourcecode.swift; path = SearchInteractor.swift; sourceTree = "<group>"; };
		36EBAD3928676054009AB643 /* SearchViewControllerTests.swift */ = {isa = PBXFileReference; lastKnownFileType = sourcecode.swift; path = SearchViewControllerTests.swift; sourceTree = "<group>"; };
		36EBAD3A28676054009AB643 /* SearchInteractorTests.swift */ = {isa = PBXFileReference; lastKnownFileType = sourcecode.swift; path = SearchInteractorTests.swift; sourceTree = "<group>"; };
		36EBAD3B28676054009AB643 /* SearchWorkerTests.swift */ = {isa = PBXFileReference; lastKnownFileType = sourcecode.swift; path = SearchWorkerTests.swift; sourceTree = "<group>"; };
		36EBAD3C28676054009AB643 /* SearchPresenterTests.swift */ = {isa = PBXFileReference; lastKnownFileType = sourcecode.swift; path = SearchPresenterTests.swift; sourceTree = "<group>"; };
		36EBAD432867635C009AB643 /* Volume.swift */ = {isa = PBXFileReference; lastKnownFileType = sourcecode.swift; path = Volume.swift; sourceTree = "<group>"; };
		36EBAD4528676364009AB643 /* VolumeInfo.swift */ = {isa = PBXFileReference; lastKnownFileType = sourcecode.swift; path = VolumeInfo.swift; sourceTree = "<group>"; };
		36EBAD472867636F009AB643 /* ImageLinks.swift */ = {isa = PBXFileReference; lastKnownFileType = sourcecode.swift; path = ImageLinks.swift; sourceTree = "<group>"; };
		57B550EAE67233A4D5F23C57 /* Pods-BookFinder.debug.xcconfig */ = {isa = PBXFileReference; includeInIndex = 1; lastKnownFileType = text.xcconfig; name = "Pods-BookFinder.debug.xcconfig"; path = "Target Support Files/Pods-BookFinder/Pods-BookFinder.debug.xcconfig"; sourceTree = "<group>"; };
		78B4887F4FDAAF5F2483ED6F /* Pods-BookFinder-BookFinderUITests.release.xcconfig */ = {isa = PBXFileReference; includeInIndex = 1; lastKnownFileType = text.xcconfig; name = "Pods-BookFinder-BookFinderUITests.release.xcconfig"; path = "Target Support Files/Pods-BookFinder-BookFinderUITests/Pods-BookFinder-BookFinderUITests.release.xcconfig"; sourceTree = "<group>"; };
		A14ED4208525325062CC36F9 /* Pods-BookFinderTests.release.xcconfig */ = {isa = PBXFileReference; includeInIndex = 1; lastKnownFileType = text.xcconfig; name = "Pods-BookFinderTests.release.xcconfig"; path = "Target Support Files/Pods-BookFinderTests/Pods-BookFinderTests.release.xcconfig"; sourceTree = "<group>"; };
		C57F6E92C46B23536F113AE3 /* Pods-BookFinder.release.xcconfig */ = {isa = PBXFileReference; includeInIndex = 1; lastKnownFileType = text.xcconfig; name = "Pods-BookFinder.release.xcconfig"; path = "Target Support Files/Pods-BookFinder/Pods-BookFinder.release.xcconfig"; sourceTree = "<group>"; };
		D2447B58FBD78270F485DB45 /* Pods_BookFinderTests.framework */ = {isa = PBXFileReference; explicitFileType = wrapper.framework; includeInIndex = 0; path = Pods_BookFinderTests.framework; sourceTree = BUILT_PRODUCTS_DIR; };
		D751BAA2E311CA3E0E9F4C1C /* Pods_BookFinder_BookFinderUITests.framework */ = {isa = PBXFileReference; explicitFileType = wrapper.framework; includeInIndex = 0; path = Pods_BookFinder_BookFinderUITests.framework; sourceTree = BUILT_PRODUCTS_DIR; };
		DEA9BC2C055A8AAF1564DAA3 /* Pods_BookFinder.framework */ = {isa = PBXFileReference; explicitFileType = wrapper.framework; includeInIndex = 0; path = Pods_BookFinder.framework; sourceTree = BUILT_PRODUCTS_DIR; };
		E658C6957BADDB58838F19C5 /* Pods-BookFinderTests.debug.xcconfig */ = {isa = PBXFileReference; includeInIndex = 1; lastKnownFileType = text.xcconfig; name = "Pods-BookFinderTests.debug.xcconfig"; path = "Target Support Files/Pods-BookFinderTests/Pods-BookFinderTests.debug.xcconfig"; sourceTree = "<group>"; };
/* End PBXFileReference section */

/* Begin PBXFrameworksBuildPhase section */
		36A58DE12867578C00ADD660 /* Frameworks */ = {
			isa = PBXFrameworksBuildPhase;
			buildActionMask = 2147483647;
			files = (
				C86C1786BF5B7525012BBADD /* Pods_BookFinder.framework in Frameworks */,
			);
			runOnlyForDeploymentPostprocessing = 0;
		};
		36A58DF72867578D00ADD660 /* Frameworks */ = {
			isa = PBXFrameworksBuildPhase;
			buildActionMask = 2147483647;
			files = (
				2E752D461A7E35A518B2AC8D /* Pods_BookFinderTests.framework in Frameworks */,
			);
			runOnlyForDeploymentPostprocessing = 0;
		};
/* End PBXFrameworksBuildPhase section */

/* Begin PBXGroup section */
		086115812762C00F4B939BDF /* Frameworks */ = {
			isa = PBXGroup;
			children = (
				DEA9BC2C055A8AAF1564DAA3 /* Pods_BookFinder.framework */,
				D751BAA2E311CA3E0E9F4C1C /* Pods_BookFinder_BookFinderUITests.framework */,
				D2447B58FBD78270F485DB45 /* Pods_BookFinderTests.framework */,
			);
			name = Frameworks;
			sourceTree = "<group>";
		};
		36A58DDB2867578C00ADD660 = {
			isa = PBXGroup;
			children = (
				36A58DE62867578C00ADD660 /* BookFinder */,
				36A58DFD2867578D00ADD660 /* BookFinderTests */,
				36A58DE52867578C00ADD660 /* Products */,
				CB45BEAD01D1094E72601101 /* Pods */,
				086115812762C00F4B939BDF /* Frameworks */,
			);
			sourceTree = "<group>";
		};
		36A58DE52867578C00ADD660 /* Products */ = {
			isa = PBXGroup;
			children = (
				36A58DE42867578C00ADD660 /* BookFinder.app */,
				36A58DFA2867578D00ADD660 /* BookFinderTests.xctest */,
			);
			name = Products;
			sourceTree = "<group>";
		};
		36A58DE62867578C00ADD660 /* BookFinder */ = {
			isa = PBXGroup;
			children = (
				36A58E172867591600ADD660 /* Application */,
				36EBAD4128676301009AB643 /* Models */,
				36EBAD2928675B42009AB643 /* Scenes */,
				36A58E192867594300ADD660 /* Resources */,
				36A58E182867592200ADD660 /* SupportingFiles */,
			);
			path = BookFinder;
			sourceTree = "<group>";
		};
		36A58DFD2867578D00ADD660 /* BookFinderTests */ = {
			isa = PBXGroup;
			children = (
				36A58DFE2867578D00ADD660 /* BookFinderTests.swift */,
				36EBAD3728676030009AB643 /* Scenes */,
			);
			path = BookFinderTests;
			sourceTree = "<group>";
		};
		36A58E172867591600ADD660 /* Application */ = {
			isa = PBXGroup;
			children = (
				36A58DE72867578C00ADD660 /* AppDelegate.swift */,
			);
			path = Application;
			sourceTree = "<group>";
		};
		36A58E182867592200ADD660 /* SupportingFiles */ = {
			isa = PBXGroup;
			children = (
				36A58DF52867578D00ADD660 /* Info.plist */,
				36A58DF22867578D00ADD660 /* LaunchScreen.storyboard */,
			);
			path = SupportingFiles;
			sourceTree = "<group>";
		};
		36A58E192867594300ADD660 /* Resources */ = {
			isa = PBXGroup;
			children = (
				36A58DF02867578D00ADD660 /* Assets.xcassets */,
			);
			path = Resources;
			sourceTree = "<group>";
		};
		36EBAD2928675B42009AB643 /* Scenes */ = {
			isa = PBXGroup;
			children = (
				36EBAD2A28675B4B009AB643 /* Search */,
			);
			path = Scenes;
			sourceTree = "<group>";
		};
		36EBAD2A28675B4B009AB643 /* Search */ = {
			isa = PBXGroup;
			children = (
				36EBAD2F28675B5E009AB643 /* SearchViewController.swift */,
				36EBAD3028675B5E009AB643 /* SearchInteractor.swift */,
				36EBAD2B28675B5E009AB643 /* SearchPresenter.swift */,
				36EBAD2C28675B5E009AB643 /* SearchWorker.swift */,
				36EBAD2D28675B5E009AB643 /* SearchRouter.swift */,
				36EBAD2E28675B5E009AB643 /* SearchModels.swift */,
			);
			path = Search;
			sourceTree = "<group>";
		};
		36EBAD3728676030009AB643 /* Scenes */ = {
			isa = PBXGroup;
			children = (
				36EBAD3828676043009AB643 /* Search */,
			);
			path = Scenes;
			sourceTree = "<group>";
		};
		36EBAD3828676043009AB643 /* Search */ = {
			isa = PBXGroup;
			children = (
				36EBAD3928676054009AB643 /* SearchViewControllerTests.swift */,
				36EBAD3A28676054009AB643 /* SearchInteractorTests.swift */,
				36EBAD3B28676054009AB643 /* SearchWorkerTests.swift */,
				36EBAD3C28676054009AB643 /* SearchPresenterTests.swift */,
			);
			path = Search;
			sourceTree = "<group>";
		};
		36EBAD4128676301009AB643 /* Models */ = {
			isa = PBXGroup;
			children = (
				36EBAD4228676329009AB643 /* Entities */,
			);
			path = Models;
			sourceTree = "<group>";
		};
		36EBAD4228676329009AB643 /* Entities */ = {
			isa = PBXGroup;
			children = (
				36EBAD432867635C009AB643 /* Volume.swift */,
				36EBAD4528676364009AB643 /* VolumeInfo.swift */,
				36EBAD472867636F009AB643 /* ImageLinks.swift */,
			);
			path = Entities;
			sourceTree = "<group>";
		};
		CB45BEAD01D1094E72601101 /* Pods */ = {
			isa = PBXGroup;
			children = (
				57B550EAE67233A4D5F23C57 /* Pods-BookFinder.debug.xcconfig */,
				C57F6E92C46B23536F113AE3 /* Pods-BookFinder.release.xcconfig */,
				218933852E9E45213B1C9894 /* Pods-BookFinder-BookFinderUITests.debug.xcconfig */,
				78B4887F4FDAAF5F2483ED6F /* Pods-BookFinder-BookFinderUITests.release.xcconfig */,
				E658C6957BADDB58838F19C5 /* Pods-BookFinderTests.debug.xcconfig */,
				A14ED4208525325062CC36F9 /* Pods-BookFinderTests.release.xcconfig */,
			);
			path = Pods;
			sourceTree = "<group>";
		};
/* End PBXGroup section */

/* Begin PBXNativeTarget section */
		36A58DE32867578C00ADD660 /* BookFinder */ = {
			isa = PBXNativeTarget;
			buildConfigurationList = 36A58E0E2867578D00ADD660 /* Build configuration list for PBXNativeTarget "BookFinder" */;
			buildPhases = (
				704CDFC938674AD964A2082B /* [CP] Check Pods Manifest.lock */,
				36A58DE02867578C00ADD660 /* Sources */,
				36A58DE12867578C00ADD660 /* Frameworks */,
				36A58DE22867578C00ADD660 /* Resources */,
				9400905A7B67923967C48502 /* [CP] Embed Pods Frameworks */,
			);
			buildRules = (
			);
			dependencies = (
			);
			name = BookFinder;
			productName = BookFinder;
			productReference = 36A58DE42867578C00ADD660 /* BookFinder.app */;
			productType = "com.apple.product-type.application";
		};
		36A58DF92867578D00ADD660 /* BookFinderTests */ = {
			isa = PBXNativeTarget;
			buildConfigurationList = 36A58E112867578D00ADD660 /* Build configuration list for PBXNativeTarget "BookFinderTests" */;
			buildPhases = (
				6B4C3C61EA1EF19AA7D56DC7 /* [CP] Check Pods Manifest.lock */,
				36A58DF62867578D00ADD660 /* Sources */,
				36A58DF72867578D00ADD660 /* Frameworks */,
				36A58DF82867578D00ADD660 /* Resources */,
			);
			buildRules = (
			);
			dependencies = (
				36A58DFC2867578D00ADD660 /* PBXTargetDependency */,
			);
			name = BookFinderTests;
			productName = BookFinderTests;
			productReference = 36A58DFA2867578D00ADD660 /* BookFinderTests.xctest */;
			productType = "com.apple.product-type.bundle.unit-test";
		};
/* End PBXNativeTarget section */

/* Begin PBXProject section */
		36A58DDC2867578C00ADD660 /* Project object */ = {
			isa = PBXProject;
			attributes = {
				BuildIndependentTargetsInParallel = 1;
				LastSwiftUpdateCheck = 1340;
				LastUpgradeCheck = 1340;
				TargetAttributes = {
					36A58DE32867578C00ADD660 = {
						CreatedOnToolsVersion = 13.4.1;
					};
					36A58DF92867578D00ADD660 = {
						CreatedOnToolsVersion = 13.4.1;
						TestTargetID = 36A58DE32867578C00ADD660;
					};
				};
			};
			buildConfigurationList = 36A58DDF2867578C00ADD660 /* Build configuration list for PBXProject "BookFinder" */;
			compatibilityVersion = "Xcode 13.0";
			developmentRegion = en;
			hasScannedForEncodings = 0;
			knownRegions = (
				en,
				Base,
			);
			mainGroup = 36A58DDB2867578C00ADD660;
			productRefGroup = 36A58DE52867578C00ADD660 /* Products */;
			projectDirPath = "";
			projectRoot = "";
			targets = (
				36A58DE32867578C00ADD660 /* BookFinder */,
				36A58DF92867578D00ADD660 /* BookFinderTests */,
			);
		};
/* End PBXProject section */

/* Begin PBXResourcesBuildPhase section */
		36A58DE22867578C00ADD660 /* Resources */ = {
			isa = PBXResourcesBuildPhase;
			buildActionMask = 2147483647;
			files = (
				36A58DF42867578D00ADD660 /* LaunchScreen.storyboard in Resources */,
				36A58DF12867578D00ADD660 /* Assets.xcassets in Resources */,
			);
			runOnlyForDeploymentPostprocessing = 0;
		};
		36A58DF82867578D00ADD660 /* Resources */ = {
			isa = PBXResourcesBuildPhase;
			buildActionMask = 2147483647;
			files = (
			);
			runOnlyForDeploymentPostprocessing = 0;
		};
/* End PBXResourcesBuildPhase section */

/* Begin PBXShellScriptBuildPhase section */
		6B4C3C61EA1EF19AA7D56DC7 /* [CP] Check Pods Manifest.lock */ = {
			isa = PBXShellScriptBuildPhase;
			buildActionMask = 2147483647;
			files = (
			);
			inputFileListPaths = (
			);
			inputPaths = (
				"${PODS_PODFILE_DIR_PATH}/Podfile.lock",
				"${PODS_ROOT}/Manifest.lock",
			);
			name = "[CP] Check Pods Manifest.lock";
			outputFileListPaths = (
			);
			outputPaths = (
				"$(DERIVED_FILE_DIR)/Pods-BookFinderTests-checkManifestLockResult.txt",
			);
			runOnlyForDeploymentPostprocessing = 0;
			shellPath = /bin/sh;
			shellScript = "diff \"${PODS_PODFILE_DIR_PATH}/Podfile.lock\" \"${PODS_ROOT}/Manifest.lock\" > /dev/null\nif [ $? != 0 ] ; then\n    # print error to STDERR\n    echo \"error: The sandbox is not in sync with the Podfile.lock. Run 'pod install' or update your CocoaPods installation.\" >&2\n    exit 1\nfi\n# This output is used by Xcode 'outputs' to avoid re-running this script phase.\necho \"SUCCESS\" > \"${SCRIPT_OUTPUT_FILE_0}\"\n";
			showEnvVarsInLog = 0;
		};
		704CDFC938674AD964A2082B /* [CP] Check Pods Manifest.lock */ = {
			isa = PBXShellScriptBuildPhase;
			buildActionMask = 2147483647;
			files = (
			);
			inputFileListPaths = (
			);
			inputPaths = (
				"${PODS_PODFILE_DIR_PATH}/Podfile.lock",
				"${PODS_ROOT}/Manifest.lock",
			);
			name = "[CP] Check Pods Manifest.lock";
			outputFileListPaths = (
			);
			outputPaths = (
				"$(DERIVED_FILE_DIR)/Pods-BookFinder-checkManifestLockResult.txt",
			);
			runOnlyForDeploymentPostprocessing = 0;
			shellPath = /bin/sh;
			shellScript = "diff \"${PODS_PODFILE_DIR_PATH}/Podfile.lock\" \"${PODS_ROOT}/Manifest.lock\" > /dev/null\nif [ $? != 0 ] ; then\n    # print error to STDERR\n    echo \"error: The sandbox is not in sync with the Podfile.lock. Run 'pod install' or update your CocoaPods installation.\" >&2\n    exit 1\nfi\n# This output is used by Xcode 'outputs' to avoid re-running this script phase.\necho \"SUCCESS\" > \"${SCRIPT_OUTPUT_FILE_0}\"\n";
			showEnvVarsInLog = 0;
		};
		9400905A7B67923967C48502 /* [CP] Embed Pods Frameworks */ = {
			isa = PBXShellScriptBuildPhase;
			buildActionMask = 2147483647;
			files = (
			);
			inputFileListPaths = (
				"${PODS_ROOT}/Target Support Files/Pods-BookFinder/Pods-BookFinder-frameworks-${CONFIGURATION}-input-files.xcfilelist",
			);
			name = "[CP] Embed Pods Frameworks";
			outputFileListPaths = (
				"${PODS_ROOT}/Target Support Files/Pods-BookFinder/Pods-BookFinder-frameworks-${CONFIGURATION}-output-files.xcfilelist",
			);
			runOnlyForDeploymentPostprocessing = 0;
			shellPath = /bin/sh;
			shellScript = "\"${PODS_ROOT}/Target Support Files/Pods-BookFinder/Pods-BookFinder-frameworks.sh\"\n";
			showEnvVarsInLog = 0;
		};
/* End PBXShellScriptBuildPhase section */

/* Begin PBXSourcesBuildPhase section */
		36A58DE02867578C00ADD660 /* Sources */ = {
			isa = PBXSourcesBuildPhase;
			buildActionMask = 2147483647;
			files = (
				36EBAD3528675B5E009AB643 /* SearchViewController.swift in Sources */,
				36EBAD482867636F009AB643 /* ImageLinks.swift in Sources */,
				36EBAD3628675B5E009AB643 /* SearchInteractor.swift in Sources */,
				36EBAD4628676364009AB643 /* VolumeInfo.swift in Sources */,
				36EBAD3328675B5E009AB643 /* SearchRouter.swift in Sources */,
				36EBAD3228675B5E009AB643 /* SearchWorker.swift in Sources */,
				36A58DE82867578C00ADD660 /* AppDelegate.swift in Sources */,
				36EBAD3128675B5E009AB643 /* SearchPresenter.swift in Sources */,
				36EBAD3428675B5E009AB643 /* SearchModels.swift in Sources */,
				36EBAD442867635C009AB643 /* Volume.swift in Sources */,
			);
			runOnlyForDeploymentPostprocessing = 0;
		};
		36A58DF62867578D00ADD660 /* Sources */ = {
			isa = PBXSourcesBuildPhase;
			buildActionMask = 2147483647;
			files = (
				36EBAD3D28676054009AB643 /* SearchViewControllerTests.swift in Sources */,
				36EBAD4028676054009AB643 /* SearchPresenterTests.swift in Sources */,
				36EBAD3F28676054009AB643 /* SearchWorkerTests.swift in Sources */,
				36A58DFF2867578D00ADD660 /* BookFinderTests.swift in Sources */,
				36EBAD3E28676054009AB643 /* SearchInteractorTests.swift in Sources */,
			);
			runOnlyForDeploymentPostprocessing = 0;
		};
/* End PBXSourcesBuildPhase section */

/* Begin PBXTargetDependency section */
		36A58DFC2867578D00ADD660 /* PBXTargetDependency */ = {
			isa = PBXTargetDependency;
			target = 36A58DE32867578C00ADD660 /* BookFinder */;
			targetProxy = 36A58DFB2867578D00ADD660 /* PBXContainerItemProxy */;
		};
/* End PBXTargetDependency section */

/* Begin PBXVariantGroup section */
		36A58DF22867578D00ADD660 /* LaunchScreen.storyboard */ = {
			isa = PBXVariantGroup;
			children = (
				36A58DF32867578D00ADD660 /* Base */,
			);
			name = LaunchScreen.storyboard;
			sourceTree = "<group>";
		};
/* End PBXVariantGroup section */

/* Begin XCBuildConfiguration section */
		36A58E0C2867578D00ADD660 /* Debug */ = {
			isa = XCBuildConfiguration;
			buildSettings = {
				ALWAYS_SEARCH_USER_PATHS = NO;
				CLANG_ANALYZER_NONNULL = YES;
				CLANG_ANALYZER_NUMBER_OBJECT_CONVERSION = YES_AGGRESSIVE;
				CLANG_CXX_LANGUAGE_STANDARD = "gnu++17";
				CLANG_ENABLE_MODULES = YES;
				CLANG_ENABLE_OBJC_ARC = YES;
				CLANG_ENABLE_OBJC_WEAK = YES;
				CLANG_WARN_BLOCK_CAPTURE_AUTORELEASING = YES;
				CLANG_WARN_BOOL_CONVERSION = YES;
				CLANG_WARN_COMMA = YES;
				CLANG_WARN_CONSTANT_CONVERSION = YES;
				CLANG_WARN_DEPRECATED_OBJC_IMPLEMENTATIONS = YES;
				CLANG_WARN_DIRECT_OBJC_ISA_USAGE = YES_ERROR;
				CLANG_WARN_DOCUMENTATION_COMMENTS = YES;
				CLANG_WARN_EMPTY_BODY = YES;
				CLANG_WARN_ENUM_CONVERSION = YES;
				CLANG_WARN_INFINITE_RECURSION = YES;
				CLANG_WARN_INT_CONVERSION = YES;
				CLANG_WARN_NON_LITERAL_NULL_CONVERSION = YES;
				CLANG_WARN_OBJC_IMPLICIT_RETAIN_SELF = YES;
				CLANG_WARN_OBJC_LITERAL_CONVERSION = YES;
				CLANG_WARN_OBJC_ROOT_CLASS = YES_ERROR;
				CLANG_WARN_QUOTED_INCLUDE_IN_FRAMEWORK_HEADER = YES;
				CLANG_WARN_RANGE_LOOP_ANALYSIS = YES;
				CLANG_WARN_STRICT_PROTOTYPES = YES;
				CLANG_WARN_SUSPICIOUS_MOVE = YES;
				CLANG_WARN_UNGUARDED_AVAILABILITY = YES_AGGRESSIVE;
				CLANG_WARN_UNREACHABLE_CODE = YES;
				CLANG_WARN__DUPLICATE_METHOD_MATCH = YES;
				COPY_PHASE_STRIP = NO;
				DEBUG_INFORMATION_FORMAT = dwarf;
				ENABLE_STRICT_OBJC_MSGSEND = YES;
				ENABLE_TESTABILITY = YES;
				GCC_C_LANGUAGE_STANDARD = gnu11;
				GCC_DYNAMIC_NO_PIC = NO;
				GCC_NO_COMMON_BLOCKS = YES;
				GCC_OPTIMIZATION_LEVEL = 0;
				GCC_PREPROCESSOR_DEFINITIONS = (
					"DEBUG=1",
					"$(inherited)",
				);
				GCC_WARN_64_TO_32_BIT_CONVERSION = YES;
				GCC_WARN_ABOUT_RETURN_TYPE = YES_ERROR;
				GCC_WARN_UNDECLARED_SELECTOR = YES;
				GCC_WARN_UNINITIALIZED_AUTOS = YES_AGGRESSIVE;
				GCC_WARN_UNUSED_FUNCTION = YES;
				GCC_WARN_UNUSED_VARIABLE = YES;
				IPHONEOS_DEPLOYMENT_TARGET = 13.0;
				MTL_ENABLE_DEBUG_INFO = INCLUDE_SOURCE;
				MTL_FAST_MATH = YES;
				ONLY_ACTIVE_ARCH = YES;
				SDKROOT = iphoneos;
				SWIFT_ACTIVE_COMPILATION_CONDITIONS = DEBUG;
				SWIFT_OPTIMIZATION_LEVEL = "-Onone";
			};
			name = Debug;
		};
		36A58E0D2867578D00ADD660 /* Release */ = {
			isa = XCBuildConfiguration;
			buildSettings = {
				ALWAYS_SEARCH_USER_PATHS = NO;
				CLANG_ANALYZER_NONNULL = YES;
				CLANG_ANALYZER_NUMBER_OBJECT_CONVERSION = YES_AGGRESSIVE;
				CLANG_CXX_LANGUAGE_STANDARD = "gnu++17";
				CLANG_ENABLE_MODULES = YES;
				CLANG_ENABLE_OBJC_ARC = YES;
				CLANG_ENABLE_OBJC_WEAK = YES;
				CLANG_WARN_BLOCK_CAPTURE_AUTORELEASING = YES;
				CLANG_WARN_BOOL_CONVERSION = YES;
				CLANG_WARN_COMMA = YES;
				CLANG_WARN_CONSTANT_CONVERSION = YES;
				CLANG_WARN_DEPRECATED_OBJC_IMPLEMENTATIONS = YES;
				CLANG_WARN_DIRECT_OBJC_ISA_USAGE = YES_ERROR;
				CLANG_WARN_DOCUMENTATION_COMMENTS = YES;
				CLANG_WARN_EMPTY_BODY = YES;
				CLANG_WARN_ENUM_CONVERSION = YES;
				CLANG_WARN_INFINITE_RECURSION = YES;
				CLANG_WARN_INT_CONVERSION = YES;
				CLANG_WARN_NON_LITERAL_NULL_CONVERSION = YES;
				CLANG_WARN_OBJC_IMPLICIT_RETAIN_SELF = YES;
				CLANG_WARN_OBJC_LITERAL_CONVERSION = YES;
				CLANG_WARN_OBJC_ROOT_CLASS = YES_ERROR;
				CLANG_WARN_QUOTED_INCLUDE_IN_FRAMEWORK_HEADER = YES;
				CLANG_WARN_RANGE_LOOP_ANALYSIS = YES;
				CLANG_WARN_STRICT_PROTOTYPES = YES;
				CLANG_WARN_SUSPICIOUS_MOVE = YES;
				CLANG_WARN_UNGUARDED_AVAILABILITY = YES_AGGRESSIVE;
				CLANG_WARN_UNREACHABLE_CODE = YES;
				CLANG_WARN__DUPLICATE_METHOD_MATCH = YES;
				COPY_PHASE_STRIP = NO;
				DEBUG_INFORMATION_FORMAT = "dwarf-with-dsym";
				ENABLE_NS_ASSERTIONS = NO;
				ENABLE_STRICT_OBJC_MSGSEND = YES;
				GCC_C_LANGUAGE_STANDARD = gnu11;
				GCC_NO_COMMON_BLOCKS = YES;
				GCC_WARN_64_TO_32_BIT_CONVERSION = YES;
				GCC_WARN_ABOUT_RETURN_TYPE = YES_ERROR;
				GCC_WARN_UNDECLARED_SELECTOR = YES;
				GCC_WARN_UNINITIALIZED_AUTOS = YES_AGGRESSIVE;
				GCC_WARN_UNUSED_FUNCTION = YES;
				GCC_WARN_UNUSED_VARIABLE = YES;
				IPHONEOS_DEPLOYMENT_TARGET = 13.0;
				MTL_ENABLE_DEBUG_INFO = NO;
				MTL_FAST_MATH = YES;
				SDKROOT = iphoneos;
				SWIFT_COMPILATION_MODE = wholemodule;
				SWIFT_OPTIMIZATION_LEVEL = "-O";
				VALIDATE_PRODUCT = YES;
			};
			name = Release;
		};
		36A58E0F2867578D00ADD660 /* Debug */ = {
			isa = XCBuildConfiguration;
			baseConfigurationReference = 57B550EAE67233A4D5F23C57 /* Pods-BookFinder.debug.xcconfig */;
			buildSettings = {
				ASSETCATALOG_COMPILER_APPICON_NAME = AppIcon;
				ASSETCATALOG_COMPILER_GLOBAL_ACCENT_COLOR_NAME = AccentColor;
				CODE_SIGN_STYLE = Automatic;
				CURRENT_PROJECT_VERSION = 1;
				DEVELOPMENT_TEAM = YAQDP772UC;
				GENERATE_INFOPLIST_FILE = YES;
				INFOPLIST_FILE = BookFinder/SupportingFiles/Info.plist;
				INFOPLIST_KEY_UIApplicationSupportsIndirectInputEvents = YES;
				INFOPLIST_KEY_UILaunchStoryboardName = LaunchScreen;
				INFOPLIST_KEY_UISupportedInterfaceOrientations_iPad = "UIInterfaceOrientationPortrait UIInterfaceOrientationPortraitUpsideDown UIInterfaceOrientationLandscapeLeft UIInterfaceOrientationLandscapeRight";
				INFOPLIST_KEY_UISupportedInterfaceOrientations_iPhone = "UIInterfaceOrientationPortrait UIInterfaceOrientationLandscapeLeft UIInterfaceOrientationLandscapeRight";
				IPHONEOS_DEPLOYMENT_TARGET = 13.0;
				LD_RUNPATH_SEARCH_PATHS = (
					"$(inherited)",
					"@executable_path/Frameworks",
				);
				MARKETING_VERSION = 1.0;
				PRODUCT_BUNDLE_IDENTIFIER = com.tophun.BookFinder;
				PRODUCT_NAME = "$(TARGET_NAME)";
				SWIFT_EMIT_LOC_STRINGS = YES;
				SWIFT_VERSION = 5.0;
				TARGETED_DEVICE_FAMILY = 1;
			};
			name = Debug;
		};
		36A58E102867578D00ADD660 /* Release */ = {
			isa = XCBuildConfiguration;
			baseConfigurationReference = C57F6E92C46B23536F113AE3 /* Pods-BookFinder.release.xcconfig */;
			buildSettings = {
				ASSETCATALOG_COMPILER_APPICON_NAME = AppIcon;
				ASSETCATALOG_COMPILER_GLOBAL_ACCENT_COLOR_NAME = AccentColor;
				CODE_SIGN_STYLE = Automatic;
				CURRENT_PROJECT_VERSION = 1;
				DEVELOPMENT_TEAM = YAQDP772UC;
				GENERATE_INFOPLIST_FILE = YES;
				INFOPLIST_FILE = BookFinder/SupportingFiles/Info.plist;
				INFOPLIST_KEY_UIApplicationSupportsIndirectInputEvents = YES;
				INFOPLIST_KEY_UILaunchStoryboardName = LaunchScreen;
				INFOPLIST_KEY_UISupportedInterfaceOrientations_iPad = "UIInterfaceOrientationPortrait UIInterfaceOrientationPortraitUpsideDown UIInterfaceOrientationLandscapeLeft UIInterfaceOrientationLandscapeRight";
				INFOPLIST_KEY_UISupportedInterfaceOrientations_iPhone = "UIInterfaceOrientationPortrait UIInterfaceOrientationLandscapeLeft UIInterfaceOrientationLandscapeRight";
				IPHONEOS_DEPLOYMENT_TARGET = 13.0;
				LD_RUNPATH_SEARCH_PATHS = (
					"$(inherited)",
					"@executable_path/Frameworks",
				);
				MARKETING_VERSION = 1.0;
				PRODUCT_BUNDLE_IDENTIFIER = com.tophun.BookFinder;
				PRODUCT_NAME = "$(TARGET_NAME)";
				SWIFT_EMIT_LOC_STRINGS = YES;
				SWIFT_VERSION = 5.0;
				TARGETED_DEVICE_FAMILY = 1;
			};
			name = Release;
		};
		36A58E122867578D00ADD660 /* Debug */ = {
			isa = XCBuildConfiguration;
			baseConfigurationReference = E658C6957BADDB58838F19C5 /* Pods-BookFinderTests.debug.xcconfig */;
			buildSettings = {
				ALWAYS_EMBED_SWIFT_STANDARD_LIBRARIES = YES;
				BUNDLE_LOADER = "$(TEST_HOST)";
				CODE_SIGN_STYLE = Automatic;
				CURRENT_PROJECT_VERSION = 1;
				DEVELOPMENT_TEAM = YAQDP772UC;
				GENERATE_INFOPLIST_FILE = YES;
				IPHONEOS_DEPLOYMENT_TARGET = 15.5;
				MARKETING_VERSION = 1.0;
				PRODUCT_BUNDLE_IDENTIFIER = com.tophun.BookFinderTests;
				PRODUCT_NAME = "$(TARGET_NAME)";
				SWIFT_EMIT_LOC_STRINGS = NO;
				SWIFT_VERSION = 5.0;
				TARGETED_DEVICE_FAMILY = "1,2";
				TEST_HOST = "$(BUILT_PRODUCTS_DIR)/BookFinder.app/BookFinder";
			};
			name = Debug;
		};
		36A58E132867578D00ADD660 /* Release */ = {
			isa = XCBuildConfiguration;
			baseConfigurationReference = A14ED4208525325062CC36F9 /* Pods-BookFinderTests.release.xcconfig */;
			buildSettings = {
				ALWAYS_EMBED_SWIFT_STANDARD_LIBRARIES = YES;
				BUNDLE_LOADER = "$(TEST_HOST)";
				CODE_SIGN_STYLE = Automatic;
				CURRENT_PROJECT_VERSION = 1;
				DEVELOPMENT_TEAM = YAQDP772UC;
				GENERATE_INFOPLIST_FILE = YES;
				IPHONEOS_DEPLOYMENT_TARGET = 15.5;
				MARKETING_VERSION = 1.0;
				PRODUCT_BUNDLE_IDENTIFIER = com.tophun.BookFinderTests;
				PRODUCT_NAME = "$(TARGET_NAME)";
				SWIFT_EMIT_LOC_STRINGS = NO;
				SWIFT_VERSION = 5.0;
				TARGETED_DEVICE_FAMILY = "1,2";
				TEST_HOST = "$(BUILT_PRODUCTS_DIR)/BookFinder.app/BookFinder";
			};
			name = Release;
		};
/* End XCBuildConfiguration section */

/* Begin XCConfigurationList section */
		36A58DDF2867578C00ADD660 /* Build configuration list for PBXProject "BookFinder" */ = {
			isa = XCConfigurationList;
			buildConfigurations = (
				36A58E0C2867578D00ADD660 /* Debug */,
				36A58E0D2867578D00ADD660 /* Release */,
			);
			defaultConfigurationIsVisible = 0;
			defaultConfigurationName = Release;
		};
		36A58E0E2867578D00ADD660 /* Build configuration list for PBXNativeTarget "BookFinder" */ = {
			isa = XCConfigurationList;
			buildConfigurations = (
				36A58E0F2867578D00ADD660 /* Debug */,
				36A58E102867578D00ADD660 /* Release */,
			);
			defaultConfigurationIsVisible = 0;
			defaultConfigurationName = Release;
		};
		36A58E112867578D00ADD660 /* Build configuration list for PBXNativeTarget "BookFinderTests" */ = {
			isa = XCConfigurationList;
			buildConfigurations = (
				36A58E122867578D00ADD660 /* Debug */,
				36A58E132867578D00ADD660 /* Release */,
			);
			defaultConfigurationIsVisible = 0;
			defaultConfigurationName = Release;
		};
/* End XCConfigurationList section */
	};
	rootObject = 36A58DDC2867578C00ADD660 /* Project object */;
}
